
Microsoft Visual Studio Solution File, Format Version 12.00
# Visual Studio Version 16
VisualStudioVersion = 16.0.30517.126
MinimumVisualStudioVersion = 10.0.40219.1
Project("{FAE04EC0-301F-11D3-BF4B-00C04F79EFBC}") = "5eGenRebuild", "5eGenRebuild.csproj", "{5B03F378-214D-4BD5-ADAE-E125FF42CB0B}"
EndProject
Global
	GlobalSection(SolutionConfigurationPlatforms) = preSolution
		Debug|Any CPU = Debug|Any CPU
		Release|Any CPU = Release|Any CPU
	EndGlobalSection
	GlobalSection(ProjectConfigurationPlatforms) = postSolution
		{5B03F378-214D-4BD5-ADAE-E125FF42CB0B}.Debug|Any CPU.ActiveCfg = Debug|Any CPU
		{5B03F378-214D-4BD5-ADAE-E125FF42CB0B}.Debug|Any CPU.Build.0 = Debug|Any CPU
		{5B03F378-214D-4BD5-ADAE-E125FF42CB0B}.Release|Any CPU.ActiveCfg = Release|Any CPU
		{5B03F378-214D-4BD5-ADAE-E125FF42CB0B}.Release|Any CPU.Build.0 = Release|Any CPU
	EndGlobalSection
	GlobalSection(SolutionProperties) = preSolution
		HideSolutionNode = FALSE
	EndGlobalSection
	GlobalSection(ExtensibilityGlobals) = postSolution
		SolutionGuid = {92B0A0AC-8029-447C-BB5C-BC0FF5149383}
	EndGlobalSection
EndGlobal
